
Microsoft Visual Studio Solution File, Format Version 10.00
# Visual Studio 2008
Project("{8BC9CEB8-8B4A-11D0-8D11-00A0C91BC942}") = "SimpleC", "SimpleC.vcproj", "{8FFC84F8-1F47-471B-AA75-72984592BAAE}"
EndProject
Global
	GlobalSection(SolutionConfigurationPlatforms) = preSolution
		Debug|Win32 = Debug|Win32
		Release|Win32 = Release|Win32
	EndGlobalSection
	GlobalSection(ProjectConfigurationPlatforms) = postSolution
		{8FFC84F8-1F47-471B-AA75-72984592BAAE}.Debug|Win32.ActiveCfg = Debug|Win32
		{8FFC84F8-1F47-471B-AA75-72984592BAAE}.Debug|Win32.Build.0 = Debug|Win32
		{8FFC84F8-1F47-471B-AA75-72984592BAAE}.Release|Win32.ActiveCfg = Release|Win32
		{8FFC84F8-1F47-471B-AA75-72984592BAAE}.Release|Win32.Build.0 = Release|Win32
	EndGlobalSection
	GlobalSection(SolutionProperties) = preSolution
		HideSolutionNode = FALSE
	EndGlobalSection
EndGlobal
